// !$*UTF8*$!
{
	archiveVersion = 1;
	classes = {
	};
	objectVersion = 56;
	objects = {

/* Begin PBXBuildFile section */
		589C04B22AB3BD1D00EA4545 /* Confetti_in_SwiftUIApp.swift in Sources */ = {isa = PBXBuildFile; fileRef = 589C04B12AB3BD1D00EA4545 /* Confetti_in_SwiftUIApp.swift */; };
		589C04B42AB3BD1D00EA4545 /* ContentView.swift in Sources */ = {isa = PBXBuildFile; fileRef = 589C04B32AB3BD1D00EA4545 /* ContentView.swift */; };
		589C04B62AB3BD1E00EA4545 /* Assets.xcassets in Resources */ = {isa = PBXBuildFile; fileRef = 589C04B52AB3BD1E00EA4545 /* Assets.xcassets */; };
		589C04B92AB3BD1E00EA4545 /* Preview Assets.xcassets in Resources */ = {isa = PBXBuildFile; fileRef = 589C04B82AB3BD1E00EA4545 /* Preview Assets.xcassets */; };
		FC40BD3844B9AF37B7963B20 /* Pods_Confetti_in_SwiftUI.framework in Frameworks */ = {isa = PBXBuildFile; fileRef = 71A09ABBA2AD8E10FAABA9E4 /* Pods_Confetti_in_SwiftUI.framework */; };
/* End PBXBuildFile section */

/* Begin PBXFileReference section */
		39C36062398606DFDB574EEC /* Pods-Confetti in SwiftUI.release.xcconfig */ = {isa = PBXFileReference; includeInIndex = 1; lastKnownFileType = text.xcconfig; name = "Pods-Confetti in SwiftUI.release.xcconfig"; path = "Target Support Files/Pods-Confetti in SwiftUI/Pods-Confetti in SwiftUI.release.xcconfig"; sourceTree = "<group>"; };
		4126F1C49940FA3C21280C9D /* Pods-Confetti in SwiftUI.debug.xcconfig */ = {isa = PBXFileReference; includeInIndex = 1; lastKnownFileType = text.xcconfig; name = "Pods-Confetti in SwiftUI.debug.xcconfig"; path = "Target Support Files/Pods-Confetti in SwiftUI/Pods-Confetti in SwiftUI.debug.xcconfig"; sourceTree = "<group>"; };
		589C04AE2AB3BD1D00EA4545 /* Confetti in SwiftUI.app */ = {isa = PBXFileReference; explicitFileType = wrapper.application; includeInIndex = 0; path = "Confetti in SwiftUI.app"; sourceTree = BUILT_PRODUCTS_DIR; };
		589C04B12AB3BD1D00EA4545 /* Confetti_in_SwiftUIApp.swift */ = {isa = PBXFileReference; lastKnownFileType = sourcecode.swift; path = Confetti_in_SwiftUIApp.swift; sourceTree = "<group>"; };
		589C04B32AB3BD1D00EA4545 /* ContentView.swift */ = {isa = PBXFileReference; lastKnownFileType = sourcecode.swift; path = ContentView.swift; sourceTree = "<group>"; };
		589C04B52AB3BD1E00EA4545 /* Assets.xcassets */ = {isa = PBXFileReference; lastKnownFileType = folder.assetcatalog; path = Assets.xcassets; sourceTree = "<group>"; };
		589C04B82AB3BD1E00EA4545 /* Preview Assets.xcassets */ = {isa = PBXFileReference; lastKnownFileType = folder.assetcatalog; path = "Preview Assets.xcassets"; sourceTree = "<group>"; };
		71A09ABBA2AD8E10FAABA9E4 /* Pods_Confetti_in_SwiftUI.framework */ = {isa = PBXFileReference; explicitFileType = wrapper.framework; includeInIndex = 0; path = Pods_Confetti_in_SwiftUI.framework; sourceTree = BUILT_PRODUCTS_DIR; };
/* End PBXFileReference section */

/* Begin PBXFrameworksBuildPhase section */
		589C04AB2AB3BD1D00EA4545 /* Frameworks */ = {
			isa = PBXFrameworksBuildPhase;
			buildActionMask = 2147483647;
			files = (
				FC40BD3844B9AF37B7963B20 /* Pods_Confetti_in_SwiftUI.framework in Frameworks */,
			);
			runOnlyForDeploymentPostprocessing = 0;
		};
/* End PBXFrameworksBuildPhase section */

/* Begin PBXGroup section */
		11BBD25E79AF7063A98BC7BD /* Pods */ = {
			isa = PBXGroup;
			children = (
				4126F1C49940FA3C21280C9D /* Pods-Confetti in SwiftUI.debug.xcconfig */,
				39C36062398606DFDB574EEC /* Pods-Confetti in SwiftUI.release.xcconfig */,
			);
			name = Pods;
			path = Pods;
			sourceTree = "<group>";
		};
		20ED745563D4F318743A91FE /* Frameworks */ = {
			isa = PBXGroup;
			children = (
				71A09ABBA2AD8E10FAABA9E4 /* Pods_Confetti_in_SwiftUI.framework */,
			);
			name = Frameworks;
			sourceTree = "<group>";
		};
		589C04A52AB3BD1D00EA4545 = {
			isa = PBXGroup;
			children = (
				589C04B02AB3BD1D00EA4545 /* Confetti in SwiftUI */,
				589C04AF2AB3BD1D00EA4545 /* Products */,
				11BBD25E79AF7063A98BC7BD /* Pods */,
				20ED745563D4F318743A91FE /* Frameworks */,
			);
			sourceTree = "<group>";
		};
		589C04AF2AB3BD1D00EA4545 /* Products */ = {
			isa = PBXGroup;
			children = (
				589C04AE2AB3BD1D00EA4545 /* Confetti in SwiftUI.app */,
			);
			name = Products;
			sourceTree = "<group>";
		};
		589C04B02AB3BD1D00EA4545 /* Confetti in SwiftUI */ = {
			isa = PBXGroup;
			children = (
				589C04B12AB3BD1D00EA4545 /* Confetti_in_SwiftUIApp.swift */,
				589C04B32AB3BD1D00EA4545 /* ContentView.swift */,
				589C04B52AB3BD1E00EA4545 /* Assets.xcassets */,
				589C04B72AB3BD1E00EA4545 /* Preview Content */,
			);
			path = "Confetti in SwiftUI";
			sourceTree = "<group>";
		};
		589C04B72AB3BD1E00EA4545 /* Preview Content */ = {
			isa = PBXGroup;
			children = (
				589C04B82AB3BD1E00EA4545 /* Preview Assets.xcassets */,
			);
			path = "Preview Content";
			sourceTree = "<group>";
		};
/* End PBXGroup section */

/* Begin PBXNativeTarget section */
		589C04AD2AB3BD1D00EA4545 /* Confetti in SwiftUI */ = {
			isa = PBXNativeTarget;
			buildConfigurationList = 589C04BC2AB3BD1E00EA4545 /* Build configuration list for PBXNativeTarget "Confetti in SwiftUI" */;
			buildPhases = (
				18734F47F6BB93815614BC34 /* [CP] Check Pods Manifest.lock */,
				589C04AA2AB3BD1D00EA4545 /* Sources */,
				589C04AB2AB3BD1D00EA4545 /* Frameworks */,
				589C04AC2AB3BD1D00EA4545 /* Resources */,
				ABFF9E47CF23596B2B11967E /* [CP] Embed Pods Frameworks */,
			);
			buildRules = (
			);
			dependencies = (
			);
			name = "Confetti in SwiftUI";
			productName = "Confetti in SwiftUI";
			productReference = 589C04AE2AB3BD1D00EA4545 /* Confetti in SwiftUI.app */;
			productType = "com.apple.product-type.application";
		};
/* End PBXNativeTarget section */

/* Begin PBXProject section */
		589C04A62AB3BD1D00EA4545 /* Project object */ = {
			isa = PBXProject;
			attributes = {
				BuildIndependentTargetsInParallel = 1;
				LastSwiftUpdateCheck = 1430;
				LastUpgradeCheck = 1430;
				TargetAttributes = {
					589C04AD2AB3BD1D00EA4545 = {
						CreatedOnToolsVersion = 14.3.1;
					};
				};
			};
			buildConfigurationList = 589C04A92AB3BD1D00EA4545 /* Build configuration list for PBXProject "Confetti in SwiftUI" */;
			compatibilityVersion = "Xcode 14.0";
			developmentRegion = en;
			hasScannedForEncodings = 0;
			knownRegions = (
				en,
				Base,
			);
			mainGroup = 589C04A52AB3BD1D00EA4545;
			productRefGroup = 589C04AF2AB3BD1D00EA4545 /* Products */;
			projectDirPath = "";
			projectRoot = "";
			targets = (
				589C04AD2AB3BD1D00EA4545 /* Confetti in SwiftUI */,
			);
		};
/* End PBXProject section */

/* Begin PBXResourcesBuildPhase section */
		589C04AC2AB3BD1D00EA4545 /* Resources */ = {
			isa = PBXResourcesBuildPhase;
			buildActionMask = 2147483647;
			files = (
				589C04B92AB3BD1E00EA4545 /* Preview Assets.xcassets in Resources */,
				589C04B62AB3BD1E00EA4545 /* Assets.xcassets in Resources */,
			);
			runOnlyForDeploymentPostprocessing = 0;
		};
/* End PBXResourcesBuildPhase section */

/* Begin PBXShellScriptBuildPhase section */
		18734F47F6BB93815614BC34 /* [CP] Check Pods Manifest.lock */ = {
			isa = PBXShellScriptBuildPhase;
			buildActionMask = 2147483647;
			files = (
			);
			inputFileListPaths = (
			);
			inputPaths = (
				"${PODS_PODFILE_DIR_PATH}/Podfile.lock",
				"${PODS_ROOT}/Manifest.lock",
			);
			name = "[CP] Check Pods Manifest.lock";
			outputFileListPaths = (
			);
			outputPaths = (
				"$(DERIVED_FILE_DIR)/Pods-Confetti in SwiftUI-checkManifestLockResult.txt",
			);
			runOnlyForDeploymentPostprocessing = 0;
			shellPath = /bin/sh;
			shellScript = "diff \"${PODS_PODFILE_DIR_PATH}/Podfile.lock\" \"${PODS_ROOT}/Manifest.lock\" > /dev/null\nif [ $? != 0 ] ; then\n    # print error to STDERR\n    echo \"error: The sandbox is not in sync with the Podfile.lock. Run 'pod install' or update your CocoaPods installation.\" >&2\n    exit 1\nfi\n# This output is used by Xcode 'outputs' to avoid re-running this script phase.\necho \"SUCCESS\" > \"${SCRIPT_OUTPUT_FILE_0}\"\n";
			showEnvVarsInLog = 0;
		};
		ABFF9E47CF23596B2B11967E /* [CP] Embed Pods Frameworks */ = {
			isa = PBXShellScriptBuildPhase;
			buildActionMask = 2147483647;
			files = (
			);
			inputFileListPaths = (
				"${PODS_ROOT}/Target Support Files/Pods-Confetti in SwiftUI/Pods-Confetti in SwiftUI-frameworks-${CONFIGURATION}-input-files.xcfilelist",
			);
			name = "[CP] Embed Pods Frameworks";
			outputFileListPaths = (
				"${PODS_ROOT}/Target Support Files/Pods-Confetti in SwiftUI/Pods-Confetti in SwiftUI-frameworks-${CONFIGURATION}-output-files.xcfilelist",
			);
			runOnlyForDeploymentPostprocessing = 0;
			shellPath = /bin/sh;
			shellScript = "\"${PODS_ROOT}/Target Support Files/Pods-Confetti in SwiftUI/Pods-Confetti in SwiftUI-frameworks.sh\"\n";
			showEnvVarsInLog = 0;
		};
/* End PBXShellScriptBuildPhase section */

/* Begin PBXSourcesBuildPhase section */
		589C04AA2AB3BD1D00EA4545 /* Sources */ = {
			isa = PBXSourcesBuildPhase;
			buildActionMask = 2147483647;
			files = (
				589C04B42AB3BD1D00EA4545 /* ContentView.swift in Sources */,
				589C04B22AB3BD1D00EA4545 /* Confetti_in_SwiftUIApp.swift in Sources */,
			);
			runOnlyForDeploymentPostprocessing = 0;
		};
/* End PBXSourcesBuildPhase section */

/* Begin XCBuildConfiguration section */
		589C04BA2AB3BD1E00EA4545 /* Debug */ = {
			isa = XCBuildConfiguration;
			buildSettings = {
				ALWAYS_SEARCH_USER_PATHS = NO;
				CLANG_ANALYZER_NONNULL = YES;
				CLANG_ANALYZER_NUMBER_OBJECT_CONVERSION = YES_AGGRESSIVE;
				CLANG_CXX_LANGUAGE_STANDARD = "gnu++20";
				CLANG_ENABLE_MODULES = YES;
				CLANG_ENABLE_OBJC_ARC = YES;
				CLANG_ENABLE_OBJC_WEAK = YES;
				CLANG_WARN_BLOCK_CAPTURE_AUTORELEASING = YES;
				CLANG_WARN_BOOL_CONVERSION = YES;
				CLANG_WARN_COMMA = YES;
				CLANG_WARN_CONSTANT_CONVERSION = YES;
				CLANG_WARN_DEPRECATED_OBJC_IMPLEMENTATIONS = YES;
				CLANG_WARN_DIRECT_OBJC_ISA_USAGE = YES_ERROR;
				CLANG_WARN_DOCUMENTATION_COMMENTS = YES;
				CLANG_WARN_EMPTY_BODY = YES;
				CLANG_WARN_ENUM_CONVERSION = YES;
				CLANG_WARN_INFINITE_RECURSION = YES;
				CLANG_WARN_INT_CONVERSION = YES;
				CLANG_WARN_NON_LITERAL_NULL_CONVERSION = YES;
				CLANG_WARN_OBJC_IMPLICIT_RETAIN_SELF = YES;
				CLANG_WARN_OBJC_LITERAL_CONVERSION = YES;
				CLANG_WARN_OBJC_ROOT_CLASS = YES_ERROR;
				CLANG_WARN_QUOTED_INCLUDE_IN_FRAMEWORK_HEADER = YES;
				CLANG_WARN_RANGE_LOOP_ANALYSIS = YES;
				CLANG_WARN_STRICT_PROTOTYPES = YES;
				CLANG_WARN_SUSPICIOUS_MOVE = YES;
				CLANG_WARN_UNGUARDED_AVAILABILITY = YES_AGGRESSIVE;
				CLANG_WARN_UNREACHABLE_CODE = YES;
				CLANG_WARN__DUPLICATE_METHOD_MATCH = YES;
				COPY_PHASE_STRIP = NO;
				DEBUG_INFORMATION_FORMAT = dwarf;
				ENABLE_STRICT_OBJC_MSGSEND = YES;
				ENABLE_TESTABILITY = YES;
				GCC_C_LANGUAGE_STANDARD = gnu11;
				GCC_DYNAMIC_NO_PIC = NO;
				GCC_NO_COMMON_BLOCKS = YES;
				GCC_OPTIMIZATION_LEVEL = 0;
				GCC_PREPROCESSOR_DEFINITIONS = (
					"DEBUG=1",
					"$(inherited)",
				);
				GCC_WARN_64_TO_32_BIT_CONVERSION = YES;
				GCC_WARN_ABOUT_RETURN_TYPE = YES_ERROR;
				GCC_WARN_UNDECLARED_SELECTOR = YES;
				GCC_WARN_UNINITIALIZED_AUTOS = YES_AGGRESSIVE;
				GCC_WARN_UNUSED_FUNCTION = YES;
				GCC_WARN_UNUSED_VARIABLE = YES;
				IPHONEOS_DEPLOYMENT_TARGET = 16.4;
				MTL_ENABLE_DEBUG_INFO = INCLUDE_SOURCE;
				MTL_FAST_MATH = YES;
				ONLY_ACTIVE_ARCH = YES;
				SDKROOT = iphoneos;
				SWIFT_ACTIVE_COMPILATION_CONDITIONS = DEBUG;
				SWIFT_OPTIMIZATION_LEVEL = "-Onone";
			};
			name = Debug;
		};
		589C04BB2AB3BD1E00EA4545 /* Release */ = {
			isa = XCBuildConfiguration;
			buildSettings = {
				ALWAYS_SEARCH_USER_PATHS = NO;
				CLANG_ANALYZER_NONNULL = YES;
				CLANG_ANALYZER_NUMBER_OBJECT_CONVERSION = YES_AGGRESSIVE;
				CLANG_CXX_LANGUAGE_STANDARD = "gnu++20";
				CLANG_ENABLE_MODULES = YES;
				CLANG_ENABLE_OBJC_ARC = YES;
				CLANG_ENABLE_OBJC_WEAK = YES;
				CLANG_WARN_BLOCK_CAPTURE_AUTORELEASING = YES;
				CLANG_WARN_BOOL_CONVERSION = YES;
				CLANG_WARN_COMMA = YES;
				CLANG_WARN_CONSTANT_CONVERSION = YES;
				CLANG_WARN_DEPRECATED_OBJC_IMPLEMENTATIONS = YES;
				CLANG_WARN_DIRECT_OBJC_ISA_USAGE = YES_ERROR;
				CLANG_WARN_DOCUMENTATION_COMMENTS = YES;
				CLANG_WARN_EMPTY_BODY = YES;
				CLANG_WARN_ENUM_CONVERSION = YES;
				CLANG_WARN_INFINITE_RECURSION = YES;
				CLANG_WARN_INT_CONVERSION = YES;
				CLANG_WARN_NON_LITERAL_NULL_CONVERSION = YES;
				CLANG_WARN_OBJC_IMPLICIT_RETAIN_SELF = YES;
				CLANG_WARN_OBJC_LITERAL_CONVERSION = YES;
				CLANG_WARN_OBJC_ROOT_CLASS = YES_ERROR;
				CLANG_WARN_QUOTED_INCLUDE_IN_FRAMEWORK_HEADER = YES;
				CLANG_WARN_RANGE_LOOP_ANALYSIS = YES;
				CLANG_WARN_STRICT_PROTOTYPES = YES;
				CLANG_WARN_SUSPICIOUS_MOVE = YES;
				CLANG_WARN_UNGUARDED_AVAILABILITY = YES_AGGRESSIVE;
				CLANG_WARN_UNREACHABLE_CODE = YES;
				CLANG_WARN__DUPLICATE_METHOD_MATCH = YES;
				COPY_PHASE_STRIP = NO;
				DEBUG_INFORMATION_FORMAT = "dwarf-with-dsym";
				ENABLE_NS_ASSERTIONS = NO;
				ENABLE_STRICT_OBJC_MSGSEND = YES;
				GCC_C_LANGUAGE_STANDARD = gnu11;
				GCC_NO_COMMON_BLOCKS = YES;
				GCC_WARN_64_TO_32_BIT_CONVERSION = YES;
				GCC_WARN_ABOUT_RETURN_TYPE = YES_ERROR;
				GCC_WARN_UNDECLARED_SELECTOR = YES;
				GCC_WARN_UNINITIALIZED_AUTOS = YES_AGGRESSIVE;
				GCC_WARN_UNUSED_FUNCTION = YES;
				GCC_WARN_UNUSED_VARIABLE = YES;
				IPHONEOS_DEPLOYMENT_TARGET = 16.4;
				MTL_ENABLE_DEBUG_INFO = NO;
				MTL_FAST_MATH = YES;
				SDKROOT = iphoneos;
				SWIFT_COMPILATION_MODE = wholemodule;
				SWIFT_OPTIMIZATION_LEVEL = "-O";
				VALIDATE_PRODUCT = YES;
			};
			name = Release;
		};
		589C04BD2AB3BD1E00EA4545 /* Debug */ = {
			isa = XCBuildConfiguration;
			baseConfigurationReference = 4126F1C49940FA3C21280C9D /* Pods-Confetti in SwiftUI.debug.xcconfig */;
			buildSettings = {
				ASSETCATALOG_COMPILER_APPICON_NAME = AppIcon;
				ASSETCATALOG_COMPILER_GLOBAL_ACCENT_COLOR_NAME = AccentColor;
				CODE_SIGN_STYLE = Automatic;
				CURRENT_PROJECT_VERSION = 1;
				DEVELOPMENT_ASSET_PATHS = "\"Confetti in SwiftUI/Preview Content\"";
				DEVELOPMENT_TEAM = MHW875J88L;
				ENABLE_PREVIEWS = YES;
				GENERATE_INFOPLIST_FILE = YES;
				INFOPLIST_KEY_UIApplicationSceneManifest_Generation = YES;
				INFOPLIST_KEY_UIApplicationSupportsIndirectInputEvents = YES;
				INFOPLIST_KEY_UILaunchScreen_Generation = YES;
				INFOPLIST_KEY_UISupportedInterfaceOrientations_iPad = "UIInterfaceOrientationPortrait UIInterfaceOrientationPortraitUpsideDown UIInterfaceOrientationLandscapeLeft UIInterfaceOrientationLandscapeRight";
				INFOPLIST_KEY_UISupportedInterfaceOrientations_iPhone = "UIInterfaceOrientationPortrait UIInterfaceOrientationLandscapeLeft UIInterfaceOrientationLandscapeRight";
				LD_RUNPATH_SEARCH_PATHS = (
					"$(inherited)",
					"@executable_path/Frameworks",
				);
				MARKETING_VERSION = 1.0;
				PRODUCT_BUNDLE_IDENTIFIER = "Krzysztof-Czura.Confetti-in-SwiftUI";
				PRODUCT_NAME = "$(TARGET_NAME)";
				SWIFT_EMIT_LOC_STRINGS = YES;
				SWIFT_VERSION = 5.0;
				TARGETED_DEVICE_FAMILY = "1,2";
			};
			name = Debug;
		};
		589C04BE2AB3BD1E00EA4545 /* Release */ = {
			isa = XCBuildConfiguration;
			baseConfigurationReference = 39C36062398606DFDB574EEC /* Pods-Confetti in SwiftUI.release.xcconfig */;
			buildSettings = {
				ASSETCATALOG_COMPILER_APPICON_NAME = AppIcon;
				ASSETCATALOG_COMPILER_GLOBAL_ACCENT_COLOR_NAME = AccentColor;
				CODE_SIGN_STYLE = Automatic;
				CURRENT_PROJECT_VERSION = 1;
				DEVELOPMENT_ASSET_PATHS = "\"Confetti in SwiftUI/Preview Content\"";
				DEVELOPMENT_TEAM = MHW875J88L;
				ENABLE_PREVIEWS = YES;
				GENERATE_INFOPLIST_FILE = YES;
				INFOPLIST_KEY_UIApplicationSceneManifest_Generation = YES;
				INFOPLIST_KEY_UIApplicationSupportsIndirectInputEvents = YES;
				INFOPLIST_KEY_UILaunchScreen_Generation = YES;
				INFOPLIST_KEY_UISupportedInterfaceOrientations_iPad = "UIInterfaceOrientationPortrait UIInterfaceOrientationPortraitUpsideDown UIInterfaceOrientationLandscapeLeft UIInterfaceOrientationLandscapeRight";
				INFOPLIST_KEY_UISupportedInterfaceOrientations_iPhone = "UIInterfaceOrientationPortrait UIInterfaceOrientationLandscapeLeft UIInterfaceOrientationLandscapeRight";
				LD_RUNPATH_SEARCH_PATHS = (
					"$(inherited)",
					"@executable_path/Frameworks",
				);
				MARKETING_VERSION = 1.0;
				PRODUCT_BUNDLE_IDENTIFIER = "Krzysztof-Czura.Confetti-in-SwiftUI";
				PRODUCT_NAME = "$(TARGET_NAME)";
				SWIFT_EMIT_LOC_STRINGS = YES;
				SWIFT_VERSION = 5.0;
				TARGETED_DEVICE_FAMILY = "1,2";
			};
			name = Release;
		};
/* End XCBuildConfiguration section */

/* Begin XCConfigurationList section */
		589C04A92AB3BD1D00EA4545 /* Build configuration list for PBXProject "Confetti in SwiftUI" */ = {
			isa = XCConfigurationList;
			buildConfigurations = (
				589C04BA2AB3BD1E00EA4545 /* Debug */,
				589C04BB2AB3BD1E00EA4545 /* Release */,
			);
			defaultConfigurationIsVisible = 0;
			defaultConfigurationName = Release;
		};
		589C04BC2AB3BD1E00EA4545 /* Build configuration list for PBXNativeTarget "Confetti in SwiftUI" */ = {
			isa = XCConfigurationList;
			buildConfigurations = (
				589C04BD2AB3BD1E00EA4545 /* Debug */,
				589C04BE2AB3BD1E00EA4545 /* Release */,
			);
			defaultConfigurationIsVisible = 0;
			defaultConfigurationName = Release;
		};
/* End XCConfigurationList section */
	};
	rootObject = 589C04A62AB3BD1D00EA4545 /* Project object */;
}
